
Microsoft Visual Studio Solution File, Format Version 11.00
# Visual Studio 2010
Project("{8BC9CEB8-8B4A-11D0-8D11-00A0C91BC942}") = "CS580HW5", "CS580HW5.vcxproj", "{6B43FB4E-09F6-E235-CBE8-4866CBCFB972}"
EndProject
Global
	GlobalSection(SolutionConfigurationPlatforms) = preSolution
		Debug|Win32 = Debug|Win32
		Release|Win32 = Release|Win32
	EndGlobalSection
	GlobalSection(ProjectConfigurationPlatforms) = postSolution
		{6B43FB4E-09F6-E235-CBE8-4866CBCFB972}.Debug|Win32.ActiveCfg = Debug|Win32
		{6B43FB4E-09F6-E235-CBE8-4866CBCFB972}.Debug|Win32.Build.0 = Debug|Win32
		{6B43FB4E-09F6-E235-CBE8-4866CBCFB972}.Release|Win32.ActiveCfg = Release|Win32
		{6B43FB4E-09F6-E235-CBE8-4866CBCFB972}.Release|Win32.Build.0 = Release|Win32
	EndGlobalSection
	GlobalSection(SolutionProperties) = preSolution
		HideSolutionNode = FALSE
	EndGlobalSection
EndGlobal
